
Microsoft Visual Studio Solution File, Format Version 12.00
# Visual Studio 15
VisualStudioVersion = 15.0.28010.2036
MinimumVisualStudioVersion = 10.0.40219.1
Project("{FAE04EC0-301F-11D3-BF4B-00C04F79EFBC}") = "Data", "Data\Data.csproj", "{18D2E316-DA78-4AAF-A0A4-B6C438DB9DDE}"
EndProject
Project("{FAE04EC0-301F-11D3-BF4B-00C04F79EFBC}") = "Models", "Models\Models.csproj", "{57B129D2-FB6D-4F1A-8AE9-4D5CA657C44D}"
EndProject
Project("{FAE04EC0-301F-11D3-BF4B-00C04F79EFBC}") = "Business", "Business\Business.csproj", "{4D631D37-B89E-4841-BA82-974FD00C48A9}"
EndProject
Project("{FAE04EC0-301F-11D3-BF4B-00C04F79EFBC}") = "Detention_facility.Tests", "Detention_facility.Tests\Detention_facility.Tests.csproj", "{6049B266-B82F-4ED1-AF40-6351B3D3D8F3}"
EndProject
Project("{FAE04EC0-301F-11D3-BF4B-00C04F79EFBC}") = "WebAPI", "WebAPI\WebAPI.csproj", "{F9A9016A-153B-4B9B-B915-85DB8A2E6434}"
EndProject
Global
	GlobalSection(SolutionConfigurationPlatforms) = preSolution
		Debug|Any CPU = Debug|Any CPU
		Release|Any CPU = Release|Any CPU
	EndGlobalSection
	GlobalSection(ProjectConfigurationPlatforms) = postSolution
		{18D2E316-DA78-4AAF-A0A4-B6C438DB9DDE}.Debug|Any CPU.ActiveCfg = Debug|Any CPU
		{18D2E316-DA78-4AAF-A0A4-B6C438DB9DDE}.Debug|Any CPU.Build.0 = Debug|Any CPU
		{18D2E316-DA78-4AAF-A0A4-B6C438DB9DDE}.Release|Any CPU.ActiveCfg = Release|Any CPU
		{18D2E316-DA78-4AAF-A0A4-B6C438DB9DDE}.Release|Any CPU.Build.0 = Release|Any CPU
		{57B129D2-FB6D-4F1A-8AE9-4D5CA657C44D}.Debug|Any CPU.ActiveCfg = Debug|Any CPU
		{57B129D2-FB6D-4F1A-8AE9-4D5CA657C44D}.Debug|Any CPU.Build.0 = Debug|Any CPU
		{57B129D2-FB6D-4F1A-8AE9-4D5CA657C44D}.Release|Any CPU.ActiveCfg = Release|Any CPU
		{57B129D2-FB6D-4F1A-8AE9-4D5CA657C44D}.Release|Any CPU.Build.0 = Release|Any CPU
		{4D631D37-B89E-4841-BA82-974FD00C48A9}.Debug|Any CPU.ActiveCfg = Debug|Any CPU
		{4D631D37-B89E-4841-BA82-974FD00C48A9}.Debug|Any CPU.Build.0 = Debug|Any CPU
		{4D631D37-B89E-4841-BA82-974FD00C48A9}.Release|Any CPU.ActiveCfg = Release|Any CPU
		{4D631D37-B89E-4841-BA82-974FD00C48A9}.Release|Any CPU.Build.0 = Release|Any CPU
		{6049B266-B82F-4ED1-AF40-6351B3D3D8F3}.Debug|Any CPU.ActiveCfg = Debug|Any CPU
		{6049B266-B82F-4ED1-AF40-6351B3D3D8F3}.Debug|Any CPU.Build.0 = Debug|Any CPU
		{6049B266-B82F-4ED1-AF40-6351B3D3D8F3}.Release|Any CPU.ActiveCfg = Release|Any CPU
		{6049B266-B82F-4ED1-AF40-6351B3D3D8F3}.Release|Any CPU.Build.0 = Release|Any CPU
		{F9A9016A-153B-4B9B-B915-85DB8A2E6434}.Debug|Any CPU.ActiveCfg = Debug|Any CPU
		{F9A9016A-153B-4B9B-B915-85DB8A2E6434}.Debug|Any CPU.Build.0 = Debug|Any CPU
		{F9A9016A-153B-4B9B-B915-85DB8A2E6434}.Release|Any CPU.ActiveCfg = Release|Any CPU
		{F9A9016A-153B-4B9B-B915-85DB8A2E6434}.Release|Any CPU.Build.0 = Release|Any CPU
	EndGlobalSection
	GlobalSection(SolutionProperties) = preSolution
		HideSolutionNode = FALSE
	EndGlobalSection
	GlobalSection(ExtensibilityGlobals) = postSolution
		SolutionGuid = {5FBA399F-E4E2-47EE-8B05-4FAFEDAAD442}
	EndGlobalSection
EndGlobal
